
Microsoft Visual Studio Solution File, Format Version 12.00
# Visual Studio 2015
Project("{FAE04EC0-301F-11D3-BF4B-00C04F79EFBC}") = "DiAl.CSharp", "DiAl.CSharp.csproj", "{A492D2C6-FF31-5588-037B-20038DB1DF61}"
EndProject
Project("{FAE04EC0-301F-11D3-BF4B-00C04F79EFBC}") = "DiAl.CSharp.Editor", "DiAl.CSharp.Editor.csproj", "{294A7EA8-E752-8759-DA86-42BAE3656FA3}"
EndProject
Global
	GlobalSection(SolutionConfigurationPlatforms) = preSolution
		Debug|Any CPU = Debug|Any CPU
		Release|Any CPU = Release|Any CPU
	EndGlobalSection
	GlobalSection(ProjectConfigurationPlatforms) = postSolution
		{A492D2C6-FF31-5588-037B-20038DB1DF61}.Debug|Any CPU.ActiveCfg = Debug|Any CPU
		{A492D2C6-FF31-5588-037B-20038DB1DF61}.Debug|Any CPU.Build.0 = Debug|Any CPU
		{A492D2C6-FF31-5588-037B-20038DB1DF61}.Release|Any CPU.ActiveCfg = Release|Any CPU
		{A492D2C6-FF31-5588-037B-20038DB1DF61}.Release|Any CPU.Build.0 = Release|Any CPU
		{294A7EA8-E752-8759-DA86-42BAE3656FA3}.Debug|Any CPU.ActiveCfg = Debug|Any CPU
		{294A7EA8-E752-8759-DA86-42BAE3656FA3}.Debug|Any CPU.Build.0 = Debug|Any CPU
		{294A7EA8-E752-8759-DA86-42BAE3656FA3}.Release|Any CPU.ActiveCfg = Release|Any CPU
		{294A7EA8-E752-8759-DA86-42BAE3656FA3}.Release|Any CPU.Build.0 = Release|Any CPU
	EndGlobalSection
	GlobalSection(SolutionProperties) = preSolution
		HideSolutionNode = FALSE
	EndGlobalSection
EndGlobal
